{
  "name": "com.jasel.energi3-masternode-status-checker",
  "version": "1.0.0",
  "lockfileVersion": 2,
  "requires": true,
  "packages": {
    "": {
      "name": "com.jasel.energi3-masternode-status-checker",
      "version": "1.0.0",
      "license": "ISC",
      "dependencies": {
        "dotenv": "10.0.0",
        "nodemailer": "6.6.2",
        "pretty-print-json": "1.0.3"
      }
    },
    "node_modules/dotenv": {
      "version": "10.0.0",
      "resolved": "https://registry.npmjs.org/dotenv/-/dotenv-10.0.0.tgz",
      "integrity": "sha512-rlBi9d8jpv9Sf1klPjNfFAuWDjKLwTIJJ/VxtoTwIR6hnZxcEOQCZg2oIL3MWBYw5GpUDKOEnND7LXTbIpQ03Q==",
      "engines": {
        "node": ">=10"
      }
    },
    "node_modules/nodemailer": {
      "version": "6.6.2",
      "resolved": "https://registry.npmjs.org/nodemailer/-/nodemailer-6.6.2.tgz",
      "integrity": "sha512-YSzu7TLbI+bsjCis/TZlAXBoM4y93HhlIgo0P5oiA2ua9Z4k+E2Fod//ybIzdJxOlXGRcHIh/WaeCBehvxZb/Q==",
      "engines": {
        "node": ">=6.0.0"
      }
    },
    "node_modules/pretty-print-json": {
      "version": "1.0.3",
      "resolved": "https://registry.npmjs.org/pretty-print-json/-/pretty-print-json-1.0.3.tgz",
      "integrity": "sha512-jY8mmgtusEpLDTtauumw+ralg836Lkt4Y10fHAaDg6BmC9GV4iUuE3z83K56MjVuA43bQ33xbEuMxo+YHAE1Rw=="
    }
  },
  "dependencies": {
    "dotenv": {
      "version": "10.0.0",
      "resolved": "https://registry.npmjs.org/dotenv/-/dotenv-10.0.0.tgz",
      "integrity": "sha512-rlBi9d8jpv9Sf1klPjNfFAuWDjKLwTIJJ/VxtoTwIR6hnZxcEOQCZg2oIL3MWBYw5GpUDKOEnND7LXTbIpQ03Q=="
    },
    "nodemailer": {
      "version": "6.6.2",
      "resolved": "https://registry.npmjs.org/nodemailer/-/nodemailer-6.6.2.tgz",
      "integrity": "sha512-YSzu7TLbI+bsjCis/TZlAXBoM4y93HhlIgo0P5oiA2ua9Z4k+E2Fod//ybIzdJxOlXGRcHIh/WaeCBehvxZb/Q=="
    },
    "pretty-print-json": {
      "version": "1.0.3",
      "resolved": "https://registry.npmjs.org/pretty-print-json/-/pretty-print-json-1.0.3.tgz",
      "integrity": "sha512-jY8mmgtusEpLDTtauumw+ralg836Lkt4Y10fHAaDg6BmC9GV4iUuE3z83K56MjVuA43bQ33xbEuMxo+YHAE1Rw=="
    }
  }
}
